// !$*UTF8*$!
{
	archiveVersion = 1;
	classes = {
	};
	objectVersion = 50;
	objects = {

/* Begin PBXBuildFile section */
		D6CC7B2F242EFDA200618660 /* AppDelegate.swift in Sources */ = {isa = PBXBuildFile; fileRef = D6CC7B2E242EFDA200618660 /* AppDelegate.swift */; };
		D6CC7B31242EFDA200618660 /* SceneDelegate.swift in Sources */ = {isa = PBXBuildFile; fileRef = D6CC7B30242EFDA200618660 /* SceneDelegate.swift */; };
		D6CC7B33242EFDA200618660 /* ContentView.swift in Sources */ = {isa = PBXBuildFile; fileRef = D6CC7B32242EFDA200618660 /* ContentView.swift */; };
		D6CC7B35242EFDA400618660 /* Assets.xcassets in Resources */ = {isa = PBXBuildFile; fileRef = D6CC7B34242EFDA400618660 /* Assets.xcassets */; };
		D6CC7B38242EFDA400618660 /* Preview Assets.xcassets in Resources */ = {isa = PBXBuildFile; fileRef = D6CC7B37242EFDA400618660 /* Preview Assets.xcassets */; };
		D6CC7B3B242EFDA400618660 /* LaunchScreen.storyboard in Resources */ = {isa = PBXBuildFile; fileRef = D6CC7B39242EFDA400618660 /* LaunchScreen.storyboard */; };
		D6CC7B46242EFDA400618660 /* Basic1Tests.swift in Sources */ = {isa = PBXBuildFile; fileRef = D6CC7B45242EFDA400618660 /* Basic1Tests.swift */; };
		D6CC7B51242EFDA400618660 /* Basic1UITests.swift in Sources */ = {isa = PBXBuildFile; fileRef = D6CC7B50242EFDA400618660 /* Basic1UITests.swift */; };
		D6CC7B5F242F08B100618660 /* CircleImage.swift in Sources */ = {isa = PBXBuildFile; fileRef = D6CC7B5E242F08B100618660 /* CircleImage.swift */; };
		D6CC7B61242F0FF200618660 /* MapView.swift in Sources */ = {isa = PBXBuildFile; fileRef = D6CC7B60242F0FF200618660 /* MapView.swift */; };
		D6CC7B6724305B7300618660 /* Data.swift in Sources */ = {isa = PBXBuildFile; fileRef = D6CC7B6524305B7300618660 /* Data.swift */; };
		D6CC7B6824305B7300618660 /* Landmark.swift in Sources */ = {isa = PBXBuildFile; fileRef = D6CC7B6624305B7300618660 /* Landmark.swift */; };
/* End PBXBuildFile section */

/* Begin PBXContainerItemProxy section */
		D6CC7B42242EFDA400618660 /* PBXContainerItemProxy */ = {
			isa = PBXContainerItemProxy;
			containerPortal = D6CC7B23242EFDA200618660 /* Project object */;
			proxyType = 1;
			remoteGlobalIDString = D6CC7B2A242EFDA200618660;
			remoteInfo = Basic1;
		};
		D6CC7B4D242EFDA400618660 /* PBXContainerItemProxy */ = {
			isa = PBXContainerItemProxy;
			containerPortal = D6CC7B23242EFDA200618660 /* Project object */;
			proxyType = 1;
			remoteGlobalIDString = D6CC7B2A242EFDA200618660;
			remoteInfo = Basic1;
		};
/* End PBXContainerItemProxy section */

/* Begin PBXFileReference section */
		D6CC7B2B242EFDA200618660 /* Basic1.app */ = {isa = PBXFileReference; explicitFileType = wrapper.application; includeInIndex = 0; path = Basic1.app; sourceTree = BUILT_PRODUCTS_DIR; };
		D6CC7B2E242EFDA200618660 /* AppDelegate.swift */ = {isa = PBXFileReference; lastKnownFileType = sourcecode.swift; path = AppDelegate.swift; sourceTree = "<group>"; };
		D6CC7B30242EFDA200618660 /* SceneDelegate.swift */ = {isa = PBXFileReference; lastKnownFileType = sourcecode.swift; path = SceneDelegate.swift; sourceTree = "<group>"; };
		D6CC7B32242EFDA200618660 /* ContentView.swift */ = {isa = PBXFileReference; lastKnownFileType = sourcecode.swift; path = ContentView.swift; sourceTree = "<group>"; };
		D6CC7B34242EFDA400618660 /* Assets.xcassets */ = {isa = PBXFileReference; lastKnownFileType = folder.assetcatalog; path = Assets.xcassets; sourceTree = "<group>"; };
		D6CC7B37242EFDA400618660 /* Preview Assets.xcassets */ = {isa = PBXFileReference; lastKnownFileType = folder.assetcatalog; path = "Preview Assets.xcassets"; sourceTree = "<group>"; };
		D6CC7B3A242EFDA400618660 /* Base */ = {isa = PBXFileReference; lastKnownFileType = file.storyboard; name = Base; path = Base.lproj/LaunchScreen.storyboard; sourceTree = "<group>"; };
		D6CC7B3C242EFDA400618660 /* Info.plist */ = {isa = PBXFileReference; lastKnownFileType = text.plist.xml; path = Info.plist; sourceTree = "<group>"; };
		D6CC7B41242EFDA400618660 /* Basic1Tests.xctest */ = {isa = PBXFileReference; explicitFileType = wrapper.cfbundle; includeInIndex = 0; path = Basic1Tests.xctest; sourceTree = BUILT_PRODUCTS_DIR; };
		D6CC7B45242EFDA400618660 /* Basic1Tests.swift */ = {isa = PBXFileReference; lastKnownFileType = sourcecode.swift; path = Basic1Tests.swift; sourceTree = "<group>"; };
		D6CC7B47242EFDA400618660 /* Info.plist */ = {isa = PBXFileReference; lastKnownFileType = text.plist.xml; path = Info.plist; sourceTree = "<group>"; };
		D6CC7B4C242EFDA400618660 /* Basic1UITests.xctest */ = {isa = PBXFileReference; explicitFileType = wrapper.cfbundle; includeInIndex = 0; path = Basic1UITests.xctest; sourceTree = BUILT_PRODUCTS_DIR; };
		D6CC7B50242EFDA400618660 /* Basic1UITests.swift */ = {isa = PBXFileReference; lastKnownFileType = sourcecode.swift; path = Basic1UITests.swift; sourceTree = "<group>"; };
		D6CC7B52242EFDA400618660 /* Info.plist */ = {isa = PBXFileReference; lastKnownFileType = text.plist.xml; path = Info.plist; sourceTree = "<group>"; };
		D6CC7B5E242F08B100618660 /* CircleImage.swift */ = {isa = PBXFileReference; lastKnownFileType = sourcecode.swift; path = CircleImage.swift; sourceTree = "<group>"; };
		D6CC7B60242F0FF200618660 /* MapView.swift */ = {isa = PBXFileReference; lastKnownFileType = sourcecode.swift; path = MapView.swift; sourceTree = "<group>"; };
		D6CC7B6524305B7300618660 /* Data.swift */ = {isa = PBXFileReference; fileEncoding = 4; lastKnownFileType = sourcecode.swift; path = Data.swift; sourceTree = "<group>"; };
		D6CC7B6624305B7300618660 /* Landmark.swift */ = {isa = PBXFileReference; fileEncoding = 4; lastKnownFileType = sourcecode.swift; path = Landmark.swift; sourceTree = "<group>"; };
/* End PBXFileReference section */

/* Begin PBXFrameworksBuildPhase section */
		D6CC7B28242EFDA200618660 /* Frameworks */ = {
			isa = PBXFrameworksBuildPhase;
			buildActionMask = 2147483647;
			files = (
			);
			runOnlyForDeploymentPostprocessing = 0;
		};
		D6CC7B3E242EFDA400618660 /* Frameworks */ = {
			isa = PBXFrameworksBuildPhase;
			buildActionMask = 2147483647;
			files = (
			);
			runOnlyForDeploymentPostprocessing = 0;
		};
		D6CC7B49242EFDA400618660 /* Frameworks */ = {
			isa = PBXFrameworksBuildPhase;
			buildActionMask = 2147483647;
			files = (
			);
			runOnlyForDeploymentPostprocessing = 0;
		};
/* End PBXFrameworksBuildPhase section */

/* Begin PBXGroup section */
		D6CC7B22242EFDA200618660 = {
			isa = PBXGroup;
			children = (
				D6CC7B2D242EFDA200618660 /* Basic1 */,
				D6CC7B44242EFDA400618660 /* Basic1Tests */,
				D6CC7B4F242EFDA400618660 /* Basic1UITests */,
				D6CC7B2C242EFDA200618660 /* Products */,
			);
			sourceTree = "<group>";
		};
		D6CC7B2C242EFDA200618660 /* Products */ = {
			isa = PBXGroup;
			children = (
				D6CC7B2B242EFDA200618660 /* Basic1.app */,
				D6CC7B41242EFDA400618660 /* Basic1Tests.xctest */,
				D6CC7B4C242EFDA400618660 /* Basic1UITests.xctest */,
			);
			name = Products;
			sourceTree = "<group>";
		};
		D6CC7B2D242EFDA200618660 /* Basic1 */ = {
			isa = PBXGroup;
			children = (
				D6CC7B6424305B7300618660 /* Models */,
				D6CC7B5E242F08B100618660 /* CircleImage.swift */,
				D6CC7B2E242EFDA200618660 /* AppDelegate.swift */,
				D6CC7B30242EFDA200618660 /* SceneDelegate.swift */,
				D6CC7B32242EFDA200618660 /* ContentView.swift */,
				D6CC7B34242EFDA400618660 /* Assets.xcassets */,
				D6CC7B39242EFDA400618660 /* LaunchScreen.storyboard */,
				D6CC7B3C242EFDA400618660 /* Info.plist */,
				D6CC7B36242EFDA400618660 /* Preview Content */,
				D6CC7B60242F0FF200618660 /* MapView.swift */,
			);
			path = Basic1;
			sourceTree = "<group>";
		};
		D6CC7B36242EFDA400618660 /* Preview Content */ = {
			isa = PBXGroup;
			children = (
				D6CC7B37242EFDA400618660 /* Preview Assets.xcassets */,
			);
			path = "Preview Content";
			sourceTree = "<group>";
		};
		D6CC7B44242EFDA400618660 /* Basic1Tests */ = {
			isa = PBXGroup;
			children = (
				D6CC7B45242EFDA400618660 /* Basic1Tests.swift */,
				D6CC7B47242EFDA400618660 /* Info.plist */,
			);
			path = Basic1Tests;
			sourceTree = "<group>";
		};
		D6CC7B4F242EFDA400618660 /* Basic1UITests */ = {
			isa = PBXGroup;
			children = (
				D6CC7B50242EFDA400618660 /* Basic1UITests.swift */,
				D6CC7B52242EFDA400618660 /* Info.plist */,
			);
			path = Basic1UITests;
			sourceTree = "<group>";
		};
		D6CC7B6424305B7300618660 /* Models */ = {
			isa = PBXGroup;
			children = (
				D6CC7B6524305B7300618660 /* Data.swift */,
				D6CC7B6624305B7300618660 /* Landmark.swift */,
			);
			path = Models;
			sourceTree = "<group>";
		};
/* End PBXGroup section */

/* Begin PBXNativeTarget section */
		D6CC7B2A242EFDA200618660 /* Basic1 */ = {
			isa = PBXNativeTarget;
			buildConfigurationList = D6CC7B55242EFDA400618660 /* Build configuration list for PBXNativeTarget "Basic1" */;
			buildPhases = (
				D6CC7B27242EFDA200618660 /* Sources */,
				D6CC7B28242EFDA200618660 /* Frameworks */,
				D6CC7B29242EFDA200618660 /* Resources */,
			);
			buildRules = (
			);
			dependencies = (
			);
			name = Basic1;
			productName = Basic1;
			productReference = D6CC7B2B242EFDA200618660 /* Basic1.app */;
			productType = "com.apple.product-type.application";
		};
		D6CC7B40242EFDA400618660 /* Basic1Tests */ = {
			isa = PBXNativeTarget;
			buildConfigurationList = D6CC7B58242EFDA400618660 /* Build configuration list for PBXNativeTarget "Basic1Tests" */;
			buildPhases = (
				D6CC7B3D242EFDA400618660 /* Sources */,
				D6CC7B3E242EFDA400618660 /* Frameworks */,
				D6CC7B3F242EFDA400618660 /* Resources */,
			);
			buildRules = (
			);
			dependencies = (
				D6CC7B43242EFDA400618660 /* PBXTargetDependency */,
			);
			name = Basic1Tests;
			productName = Basic1Tests;
			productReference = D6CC7B41242EFDA400618660 /* Basic1Tests.xctest */;
			productType = "com.apple.product-type.bundle.unit-test";
		};
		D6CC7B4B242EFDA400618660 /* Basic1UITests */ = {
			isa = PBXNativeTarget;
			buildConfigurationList = D6CC7B5B242EFDA400618660 /* Build configuration list for PBXNativeTarget "Basic1UITests" */;
			buildPhases = (
				D6CC7B48242EFDA400618660 /* Sources */,
				D6CC7B49242EFDA400618660 /* Frameworks */,
				D6CC7B4A242EFDA400618660 /* Resources */,
			);
			buildRules = (
			);
			dependencies = (
				D6CC7B4E242EFDA400618660 /* PBXTargetDependency */,
			);
			name = Basic1UITests;
			productName = Basic1UITests;
			productReference = D6CC7B4C242EFDA400618660 /* Basic1UITests.xctest */;
			productType = "com.apple.product-type.bundle.ui-testing";
		};
/* End PBXNativeTarget section */

/* Begin PBXProject section */
		D6CC7B23242EFDA200618660 /* Project object */ = {
			isa = PBXProject;
			attributes = {
				LastSwiftUpdateCheck = 1130;
				LastUpgradeCheck = 1130;
				ORGANIZATIONNAME = Carnival;
				TargetAttributes = {
					D6CC7B2A242EFDA200618660 = {
						CreatedOnToolsVersion = 11.3;
					};
					D6CC7B40242EFDA400618660 = {
						CreatedOnToolsVersion = 11.3;
						TestTargetID = D6CC7B2A242EFDA200618660;
					};
					D6CC7B4B242EFDA400618660 = {
						CreatedOnToolsVersion = 11.3;
						TestTargetID = D6CC7B2A242EFDA200618660;
					};
				};
			};
			buildConfigurationList = D6CC7B26242EFDA200618660 /* Build configuration list for PBXProject "Basic1" */;
			compatibilityVersion = "Xcode 9.3";
			developmentRegion = en;
			hasScannedForEncodings = 0;
			knownRegions = (
				en,
				Base,
			);
			mainGroup = D6CC7B22242EFDA200618660;
			productRefGroup = D6CC7B2C242EFDA200618660 /* Products */;
			projectDirPath = "";
			projectRoot = "";
			targets = (
				D6CC7B2A242EFDA200618660 /* Basic1 */,
				D6CC7B40242EFDA400618660 /* Basic1Tests */,
				D6CC7B4B242EFDA400618660 /* Basic1UITests */,
			);
		};
/* End PBXProject section */

/* Begin PBXResourcesBuildPhase section */
		D6CC7B29242EFDA200618660 /* Resources */ = {
			isa = PBXResourcesBuildPhase;
			buildActionMask = 2147483647;
			files = (
				D6CC7B3B242EFDA400618660 /* LaunchScreen.storyboard in Resources */,
				D6CC7B38242EFDA400618660 /* Preview Assets.xcassets in Resources */,
				D6CC7B35242EFDA400618660 /* Assets.xcassets in Resources */,
			);
			runOnlyForDeploymentPostprocessing = 0;
		};
		D6CC7B3F242EFDA400618660 /* Resources */ = {
			isa = PBXResourcesBuildPhase;
			buildActionMask = 2147483647;
			files = (
			);
			runOnlyForDeploymentPostprocessing = 0;
		};
		D6CC7B4A242EFDA400618660 /* Resources */ = {
			isa = PBXResourcesBuildPhase;
			buildActionMask = 2147483647;
			files = (
			);
			runOnlyForDeploymentPostprocessing = 0;
		};
/* End PBXResourcesBuildPhase section */

/* Begin PBXSourcesBuildPhase section */
		D6CC7B27242EFDA200618660 /* Sources */ = {
			isa = PBXSourcesBuildPhase;
			buildActionMask = 2147483647;
			files = (
				D6CC7B6824305B7300618660 /* Landmark.swift in Sources */,
				D6CC7B2F242EFDA200618660 /* AppDelegate.swift in Sources */,
				D6CC7B6724305B7300618660 /* Data.swift in Sources */,
				D6CC7B5F242F08B100618660 /* CircleImage.swift in Sources */,
				D6CC7B61242F0FF200618660 /* MapView.swift in Sources */,
				D6CC7B31242EFDA200618660 /* SceneDelegate.swift in Sources */,
				D6CC7B33242EFDA200618660 /* ContentView.swift in Sources */,
			);
			runOnlyForDeploymentPostprocessing = 0;
		};
		D6CC7B3D242EFDA400618660 /* Sources */ = {
			isa = PBXSourcesBuildPhase;
			buildActionMask = 2147483647;
			files = (
				D6CC7B46242EFDA400618660 /* Basic1Tests.swift in Sources */,
			);
			runOnlyForDeploymentPostprocessing = 0;
		};
		D6CC7B48242EFDA400618660 /* Sources */ = {
			isa = PBXSourcesBuildPhase;
			buildActionMask = 2147483647;
			files = (
				D6CC7B51242EFDA400618660 /* Basic1UITests.swift in Sources */,
			);
			runOnlyForDeploymentPostprocessing = 0;
		};
/* End PBXSourcesBuildPhase section */

/* Begin PBXTargetDependency section */
		D6CC7B43242EFDA400618660 /* PBXTargetDependency */ = {
			isa = PBXTargetDependency;
			target = D6CC7B2A242EFDA200618660 /* Basic1 */;
			targetProxy = D6CC7B42242EFDA400618660 /* PBXContainerItemProxy */;
		};
		D6CC7B4E242EFDA400618660 /* PBXTargetDependency */ = {
			isa = PBXTargetDependency;
			target = D6CC7B2A242EFDA200618660 /* Basic1 */;
			targetProxy = D6CC7B4D242EFDA400618660 /* PBXContainerItemProxy */;
		};
/* End PBXTargetDependency section */

/* Begin PBXVariantGroup section */
		D6CC7B39242EFDA400618660 /* LaunchScreen.storyboard */ = {
			isa = PBXVariantGroup;
			children = (
				D6CC7B3A242EFDA400618660 /* Base */,
			);
			name = LaunchScreen.storyboard;
			sourceTree = "<group>";
		};
/* End PBXVariantGroup section */

/* Begin XCBuildConfiguration section */
		D6CC7B53242EFDA400618660 /* Debug */ = {
			isa = XCBuildConfiguration;
			buildSettings = {
				ALWAYS_SEARCH_USER_PATHS = NO;
				CLANG_ANALYZER_NONNULL = YES;
				CLANG_ANALYZER_NUMBER_OBJECT_CONVERSION = YES_AGGRESSIVE;
				CLANG_CXX_LANGUAGE_STANDARD = "gnu++14";
				CLANG_CXX_LIBRARY = "libc++";
				CLANG_ENABLE_MODULES = YES;
				CLANG_ENABLE_OBJC_ARC = YES;
				CLANG_ENABLE_OBJC_WEAK = YES;
				CLANG_WARN_BLOCK_CAPTURE_AUTORELEASING = YES;
				CLANG_WARN_BOOL_CONVERSION = YES;
				CLANG_WARN_COMMA = YES;
				CLANG_WARN_CONSTANT_CONVERSION = YES;
				CLANG_WARN_DEPRECATED_OBJC_IMPLEMENTATIONS = YES;
				CLANG_WARN_DIRECT_OBJC_ISA_USAGE = YES_ERROR;
				CLANG_WARN_DOCUMENTATION_COMMENTS = YES;
				CLANG_WARN_EMPTY_BODY = YES;
				CLANG_WARN_ENUM_CONVERSION = YES;
				CLANG_WARN_INFINITE_RECURSION = YES;
				CLANG_WARN_INT_CONVERSION = YES;
				CLANG_WARN_NON_LITERAL_NULL_CONVERSION = YES;
				CLANG_WARN_OBJC_IMPLICIT_RETAIN_SELF = YES;
				CLANG_WARN_OBJC_LITERAL_CONVERSION = YES;
				CLANG_WARN_OBJC_ROOT_CLASS = YES_ERROR;
				CLANG_WARN_RANGE_LOOP_ANALYSIS = YES;
				CLANG_WARN_STRICT_PROTOTYPES = YES;
				CLANG_WARN_SUSPICIOUS_MOVE = YES;
				CLANG_WARN_UNGUARDED_AVAILABILITY = YES_AGGRESSIVE;
				CLANG_WARN_UNREACHABLE_CODE = YES;
				CLANG_WARN__DUPLICATE_METHOD_MATCH = YES;
				COPY_PHASE_STRIP = NO;
				DEBUG_INFORMATION_FORMAT = dwarf;
				ENABLE_STRICT_OBJC_MSGSEND = YES;
				ENABLE_TESTABILITY = YES;
				GCC_C_LANGUAGE_STANDARD = gnu11;
				GCC_DYNAMIC_NO_PIC = NO;
				GCC_NO_COMMON_BLOCKS = YES;
				GCC_OPTIMIZATION_LEVEL = 0;
				GCC_PREPROCESSOR_DEFINITIONS = (
					"DEBUG=1",
					"$(inherited)",
				);
				GCC_WARN_64_TO_32_BIT_CONVERSION = YES;
				GCC_WARN_ABOUT_RETURN_TYPE = YES_ERROR;
				GCC_WARN_UNDECLARED_SELECTOR = YES;
				GCC_WARN_UNINITIALIZED_AUTOS = YES_AGGRESSIVE;
				GCC_WARN_UNUSED_FUNCTION = YES;
				GCC_WARN_UNUSED_VARIABLE = YES;
				IPHONEOS_DEPLOYMENT_TARGET = 13.2;
				MTL_ENABLE_DEBUG_INFO = INCLUDE_SOURCE;
				MTL_FAST_MATH = YES;
				ONLY_ACTIVE_ARCH = YES;
				SDKROOT = iphoneos;
				SWIFT_ACTIVE_COMPILATION_CONDITIONS = DEBUG;
				SWIFT_OPTIMIZATION_LEVEL = "-Onone";
			};
			name = Debug;
		};
		D6CC7B54242EFDA400618660 /* Release */ = {
			isa = XCBuildConfiguration;
			buildSettings = {
				ALWAYS_SEARCH_USER_PATHS = NO;
				CLANG_ANALYZER_NONNULL = YES;
				CLANG_ANALYZER_NUMBER_OBJECT_CONVERSION = YES_AGGRESSIVE;
				CLANG_CXX_LANGUAGE_STANDARD = "gnu++14";
				CLANG_CXX_LIBRARY = "libc++";
				CLANG_ENABLE_MODULES = YES;
				CLANG_ENABLE_OBJC_ARC = YES;
				CLANG_ENABLE_OBJC_WEAK = YES;
				CLANG_WARN_BLOCK_CAPTURE_AUTORELEASING = YES;
				CLANG_WARN_BOOL_CONVERSION = YES;
				CLANG_WARN_COMMA = YES;
				CLANG_WARN_CONSTANT_CONVERSION = YES;
				CLANG_WARN_DEPRECATED_OBJC_IMPLEMENTATIONS = YES;
				CLANG_WARN_DIRECT_OBJC_ISA_USAGE = YES_ERROR;
				CLANG_WARN_DOCUMENTATION_COMMENTS = YES;
				CLANG_WARN_EMPTY_BODY = YES;
				CLANG_WARN_ENUM_CONVERSION = YES;
				CLANG_WARN_INFINITE_RECURSION = YES;
				CLANG_WARN_INT_CONVERSION = YES;
				CLANG_WARN_NON_LITERAL_NULL_CONVERSION = YES;
				CLANG_WARN_OBJC_IMPLICIT_RETAIN_SELF = YES;
				CLANG_WARN_OBJC_LITERAL_CONVERSION = YES;
				CLANG_WARN_OBJC_ROOT_CLASS = YES_ERROR;
				CLANG_WARN_RANGE_LOOP_ANALYSIS = YES;
				CLANG_WARN_STRICT_PROTOTYPES = YES;
				CLANG_WARN_SUSPICIOUS_MOVE = YES;
				CLANG_WARN_UNGUARDED_AVAILABILITY = YES_AGGRESSIVE;
				CLANG_WARN_UNREACHABLE_CODE = YES;
				CLANG_WARN__DUPLICATE_METHOD_MATCH = YES;
				COPY_PHASE_STRIP = NO;
				DEBUG_INFORMATION_FORMAT = "dwarf-with-dsym";
				ENABLE_NS_ASSERTIONS = NO;
				ENABLE_STRICT_OBJC_MSGSEND = YES;
				GCC_C_LANGUAGE_STANDARD = gnu11;
				GCC_NO_COMMON_BLOCKS = YES;
				GCC_WARN_64_TO_32_BIT_CONVERSION = YES;
				GCC_WARN_ABOUT_RETURN_TYPE = YES_ERROR;
				GCC_WARN_UNDECLARED_SELECTOR = YES;
				GCC_WARN_UNINITIALIZED_AUTOS = YES_AGGRESSIVE;
				GCC_WARN_UNUSED_FUNCTION = YES;
				GCC_WARN_UNUSED_VARIABLE = YES;
				IPHONEOS_DEPLOYMENT_TARGET = 13.2;
				MTL_ENABLE_DEBUG_INFO = NO;
				MTL_FAST_MATH = YES;
				SDKROOT = iphoneos;
				SWIFT_COMPILATION_MODE = wholemodule;
				SWIFT_OPTIMIZATION_LEVEL = "-O";
				VALIDATE_PRODUCT = YES;
			};
			name = Release;
		};
		D6CC7B56242EFDA400618660 /* Debug */ = {
			isa = XCBuildConfiguration;
			buildSettings = {
				ASSETCATALOG_COMPILER_APPICON_NAME = AppIcon;
				CODE_SIGN_STYLE = Automatic;
				DEVELOPMENT_ASSET_PATHS = "\"Basic1/Preview Content\"";
				DEVELOPMENT_TEAM = GL7SU84P59;
				ENABLE_PREVIEWS = YES;
				INFOPLIST_FILE = Basic1/Info.plist;
				LD_RUNPATH_SEARCH_PATHS = (
					"$(inherited)",
					"@executable_path/Frameworks",
				);
				PRODUCT_BUNDLE_IDENTIFIER = com.oceanview.com.oceanview.swiftUI.Basic1;
				PRODUCT_NAME = "$(TARGET_NAME)";
				SWIFT_VERSION = 5.0;
				TARGETED_DEVICE_FAMILY = "1,2";
			};
			name = Debug;
		};
		D6CC7B57242EFDA400618660 /* Release */ = {
			isa = XCBuildConfiguration;
			buildSettings = {
				ASSETCATALOG_COMPILER_APPICON_NAME = AppIcon;
				CODE_SIGN_STYLE = Automatic;
				DEVELOPMENT_ASSET_PATHS = "\"Basic1/Preview Content\"";
				DEVELOPMENT_TEAM = GL7SU84P59;
				ENABLE_PREVIEWS = YES;
				INFOPLIST_FILE = Basic1/Info.plist;
				LD_RUNPATH_SEARCH_PATHS = (
					"$(inherited)",
					"@executable_path/Frameworks",
				);
				PRODUCT_BUNDLE_IDENTIFIER = com.oceanview.com.oceanview.swiftUI.Basic1;
				PRODUCT_NAME = "$(TARGET_NAME)";
				SWIFT_VERSION = 5.0;
				TARGETED_DEVICE_FAMILY = "1,2";
			};
			name = Release;
		};
		D6CC7B59242EFDA400618660 /* Debug */ = {
			isa = XCBuildConfiguration;
			buildSettings = {
				ALWAYS_EMBED_SWIFT_STANDARD_LIBRARIES = YES;
				BUNDLE_LOADER = "$(TEST_HOST)";
				CODE_SIGN_STYLE = Automatic;
				DEVELOPMENT_TEAM = GL7SU84P59;
				INFOPLIST_FILE = Basic1Tests/Info.plist;
				IPHONEOS_DEPLOYMENT_TARGET = 13.2;
				LD_RUNPATH_SEARCH_PATHS = (
					"$(inherited)",
					"@executable_path/Frameworks",
					"@loader_path/Frameworks",
				);
				PRODUCT_BUNDLE_IDENTIFIER = com.oceanview.com.oceanview.swiftUI.Basic1Tests;
				PRODUCT_NAME = "$(TARGET_NAME)";
				SWIFT_VERSION = 5.0;
				TARGETED_DEVICE_FAMILY = "1,2";
				TEST_HOST = "$(BUILT_PRODUCTS_DIR)/Basic1.app/Basic1";
			};
			name = Debug;
		};
		D6CC7B5A242EFDA400618660 /* Release */ = {
			isa = XCBuildConfiguration;
			buildSettings = {
				ALWAYS_EMBED_SWIFT_STANDARD_LIBRARIES = YES;
				BUNDLE_LOADER = "$(TEST_HOST)";
				CODE_SIGN_STYLE = Automatic;
				DEVELOPMENT_TEAM = GL7SU84P59;
				INFOPLIST_FILE = Basic1Tests/Info.plist;
				IPHONEOS_DEPLOYMENT_TARGET = 13.2;
				LD_RUNPATH_SEARCH_PATHS = (
					"$(inherited)",
					"@executable_path/Frameworks",
					"@loader_path/Frameworks",
				);
				PRODUCT_BUNDLE_IDENTIFIER = com.oceanview.com.oceanview.swiftUI.Basic1Tests;
				PRODUCT_NAME = "$(TARGET_NAME)";
				SWIFT_VERSION = 5.0;
				TARGETED_DEVICE_FAMILY = "1,2";
				TEST_HOST = "$(BUILT_PRODUCTS_DIR)/Basic1.app/Basic1";
			};
			name = Release;
		};
		D6CC7B5C242EFDA400618660 /* Debug */ = {
			isa = XCBuildConfiguration;
			buildSettings = {
				ALWAYS_EMBED_SWIFT_STANDARD_LIBRARIES = YES;
				CODE_SIGN_STYLE = Automatic;
				DEVELOPMENT_TEAM = GL7SU84P59;
				INFOPLIST_FILE = Basic1UITests/Info.plist;
				LD_RUNPATH_SEARCH_PATHS = (
					"$(inherited)",
					"@executable_path/Frameworks",
					"@loader_path/Frameworks",
				);
				PRODUCT_BUNDLE_IDENTIFIER = com.oceanview.com.oceanview.swiftUI.Basic1UITests;
				PRODUCT_NAME = "$(TARGET_NAME)";
				SWIFT_VERSION = 5.0;
				TARGETED_DEVICE_FAMILY = "1,2";
				TEST_TARGET_NAME = Basic1;
			};
			name = Debug;
		};
		D6CC7B5D242EFDA400618660 /* Release */ = {
			isa = XCBuildConfiguration;
			buildSettings = {
				ALWAYS_EMBED_SWIFT_STANDARD_LIBRARIES = YES;
				CODE_SIGN_STYLE = Automatic;
				DEVELOPMENT_TEAM = GL7SU84P59;
				INFOPLIST_FILE = Basic1UITests/Info.plist;
				LD_RUNPATH_SEARCH_PATHS = (
					"$(inherited)",
					"@executable_path/Frameworks",
					"@loader_path/Frameworks",
				);
				PRODUCT_BUNDLE_IDENTIFIER = com.oceanview.com.oceanview.swiftUI.Basic1UITests;
				PRODUCT_NAME = "$(TARGET_NAME)";
				SWIFT_VERSION = 5.0;
				TARGETED_DEVICE_FAMILY = "1,2";
				TEST_TARGET_NAME = Basic1;
			};
			name = Release;
		};
/* End XCBuildConfiguration section */

/* Begin XCConfigurationList section */
		D6CC7B26242EFDA200618660 /* Build configuration list for PBXProject "Basic1" */ = {
			isa = XCConfigurationList;
			buildConfigurations = (
				D6CC7B53242EFDA400618660 /* Debug */,
				D6CC7B54242EFDA400618660 /* Release */,
			);
			defaultConfigurationIsVisible = 0;
			defaultConfigurationName = Release;
		};
		D6CC7B55242EFDA400618660 /* Build configuration list for PBXNativeTarget "Basic1" */ = {
			isa = XCConfigurationList;
			buildConfigurations = (
				D6CC7B56242EFDA400618660 /* Debug */,
				D6CC7B57242EFDA400618660 /* Release */,
			);
			defaultConfigurationIsVisible = 0;
			defaultConfigurationName = Release;
		};
		D6CC7B58242EFDA400618660 /* Build configuration list for PBXNativeTarget "Basic1Tests" */ = {
			isa = XCConfigurationList;
			buildConfigurations = (
				D6CC7B59242EFDA400618660 /* Debug */,
				D6CC7B5A242EFDA400618660 /* Release */,
			);
			defaultConfigurationIsVisible = 0;
			defaultConfigurationName = Release;
		};
		D6CC7B5B242EFDA400618660 /* Build configuration list for PBXNativeTarget "Basic1UITests" */ = {
			isa = XCConfigurationList;
			buildConfigurations = (
				D6CC7B5C242EFDA400618660 /* Debug */,
				D6CC7B5D242EFDA400618660 /* Release */,
			);
			defaultConfigurationIsVisible = 0;
			defaultConfigurationName = Release;
		};
/* End XCConfigurationList section */
	};
	rootObject = D6CC7B23242EFDA200618660 /* Project object */;
}
